<?xml version="1.0" encoding="utf-8"?>
<Project ToolsVersion="4.0" xmlns="http://schemas.microsoft.com/developer/msbuild/2003">
  <ItemGroup>
    <CudaCompile Include="kernel.cu" />
    <CudaCompile Include="Event_Create_Record_Synchonize.cu" />
    <CudaCompile Include="non_default_streams.cu" />
    <CudaCompile Include="cublas_one_based_indexing.cu" />
    <CudaCompile Include="const_memory.cu" />
    <CudaCompile Include="devicequery.cu" />
    <CudaCompile Include="dot_product.cu" />
    <CudaCompile Include="main.cu" />
    <CudaCompile Include="const_memory_global_const_addition.cu" />
  </ItemGroup>
  <ItemGroup>
    <ClInclude Include="Event_Create_Record_Synchonize.cuh" />
    <ClInclude Include="non_default_streams.cuh" />
    <ClInclude Include="cublas_one_based_indexing.cuh" />
    <ClInclude Include="const_memory.cuh" />
    <ClInclude Include="cpu_bitmap.h" />
    <ClInclude Include="devicequery.cuh" />
    <ClInclude Include="dot_product.cuh" />
    <ClInclude Include="gl_helper.h" />
    <ClInclude Include="helper_cuda.h" />
    <ClInclude Include="kernel.cuh" />
    <ClInclude Include="const_memory_global_const_addition.cuh" />
  </ItemGroup>
</Project>